
Microsoft Visual Studio Solution File, Format Version 12.00
# Visual Studio Version 17
VisualStudioVersion = 17.3.32929.385
MinimumVisualStudioVersion = 10.0.40219.1
Project("{9A19103F-16F7-4668-BE54-9A1E7A4F7556}") = "Forms", "Forms\Forms.csproj", "{8D153B5B-02FF-42E3-8E08-9E8089C96DFD}"
EndProject
Project("{FAE04EC0-301F-11D3-BF4B-00C04F79EFBC}") = "Data", "Data\Data.csproj", "{FA6D32FA-7215-4D85-AC2C-F737BFBE7177}"
EndProject
Project("{FAE04EC0-301F-11D3-BF4B-00C04F79EFBC}") = "Logic", "Logic\Logic.csproj", "{925B8BF1-3BDC-4E91-A383-A650F18C67D8}"
EndProject
Global
	GlobalSection(SolutionConfigurationPlatforms) = preSolution
		Debug|Any CPU = Debug|Any CPU
		Release|Any CPU = Release|Any CPU
	EndGlobalSection
	GlobalSection(ProjectConfigurationPlatforms) = postSolution
		{8D153B5B-02FF-42E3-8E08-9E8089C96DFD}.Debug|Any CPU.ActiveCfg = Debug|Any CPU
		{8D153B5B-02FF-42E3-8E08-9E8089C96DFD}.Debug|Any CPU.Build.0 = Debug|Any CPU
		{8D153B5B-02FF-42E3-8E08-9E8089C96DFD}.Release|Any CPU.ActiveCfg = Release|Any CPU
		{8D153B5B-02FF-42E3-8E08-9E8089C96DFD}.Release|Any CPU.Build.0 = Release|Any CPU
		{FA6D32FA-7215-4D85-AC2C-F737BFBE7177}.Debug|Any CPU.ActiveCfg = Debug|Any CPU
		{FA6D32FA-7215-4D85-AC2C-F737BFBE7177}.Debug|Any CPU.Build.0 = Debug|Any CPU
		{FA6D32FA-7215-4D85-AC2C-F737BFBE7177}.Release|Any CPU.ActiveCfg = Release|Any CPU
		{FA6D32FA-7215-4D85-AC2C-F737BFBE7177}.Release|Any CPU.Build.0 = Release|Any CPU
		{925B8BF1-3BDC-4E91-A383-A650F18C67D8}.Debug|Any CPU.ActiveCfg = Debug|Any CPU
		{925B8BF1-3BDC-4E91-A383-A650F18C67D8}.Debug|Any CPU.Build.0 = Debug|Any CPU
		{925B8BF1-3BDC-4E91-A383-A650F18C67D8}.Release|Any CPU.ActiveCfg = Release|Any CPU
		{925B8BF1-3BDC-4E91-A383-A650F18C67D8}.Release|Any CPU.Build.0 = Release|Any CPU
	EndGlobalSection
	GlobalSection(SolutionProperties) = preSolution
		HideSolutionNode = FALSE
	EndGlobalSection
	GlobalSection(ExtensibilityGlobals) = postSolution
		SolutionGuid = {C8F638B1-BD64-49C6-9399-8A1D101A8B10}
	EndGlobalSection
EndGlobal
